
Microsoft Visual Studio Solution File, Format Version 12.00
# Visual Studio 15
VisualStudioVersion = 15.0.28010.2003
MinimumVisualStudioVersion = 10.0.40219.1
Project("{FAE04EC0-301F-11D3-BF4B-00C04F79EFBC}") = "GDI Practica", "GDI Practica\GDI Practica.csproj", "{149F5C27-241F-465A-A3B3-AE06DF26E7D1}"
EndProject
Global
	GlobalSection(SolutionConfigurationPlatforms) = preSolution
		Debug|Any CPU = Debug|Any CPU
		Release|Any CPU = Release|Any CPU
	EndGlobalSection
	GlobalSection(ProjectConfigurationPlatforms) = postSolution
		{149F5C27-241F-465A-A3B3-AE06DF26E7D1}.Debug|Any CPU.ActiveCfg = Debug|Any CPU
		{149F5C27-241F-465A-A3B3-AE06DF26E7D1}.Debug|Any CPU.Build.0 = Debug|Any CPU
		{149F5C27-241F-465A-A3B3-AE06DF26E7D1}.Release|Any CPU.ActiveCfg = Release|Any CPU
		{149F5C27-241F-465A-A3B3-AE06DF26E7D1}.Release|Any CPU.Build.0 = Release|Any CPU
	EndGlobalSection
	GlobalSection(SolutionProperties) = preSolution
		HideSolutionNode = FALSE
	EndGlobalSection
	GlobalSection(ExtensibilityGlobals) = postSolution
		SolutionGuid = {E4CF4227-2A9D-4B0D-9C20-113965B51EED}
	EndGlobalSection
EndGlobal
