
Microsoft Visual Studio Solution File, Format Version 12.00
# Visual Studio 15
VisualStudioVersion = 15.0.28010.2003
MinimumVisualStudioVersion = 10.0.40219.1
Project("{FAE04EC0-301F-11D3-BF4B-00C04F79EFBC}") = "Vista", "Vista\Vista.csproj", "{31E63E2B-8EF2-47BF-AE89-4C1981EE1905}"
EndProject
Project("{FAE04EC0-301F-11D3-BF4B-00C04F79EFBC}") = "BLL", "BLL\BLL.csproj", "{6A5E6E55-FEC9-450B-A8B4-6E2089D4158D}"
EndProject
Project("{FAE04EC0-301F-11D3-BF4B-00C04F79EFBC}") = "Entidades", "Entidades\Entidades.csproj", "{EE074DF2-58B1-4F21-95D7-708FAF0C0407}"
EndProject
Project("{FAE04EC0-301F-11D3-BF4B-00C04F79EFBC}") = "DAL+ORM", "DAL+ORM\DAL+ORM.csproj", "{80DE3911-DBB1-47CA-909A-77B51EEBDE12}"
EndProject
Global
	GlobalSection(SolutionConfigurationPlatforms) = preSolution
		Debug|Any CPU = Debug|Any CPU
		Release|Any CPU = Release|Any CPU
	EndGlobalSection
	GlobalSection(ProjectConfigurationPlatforms) = postSolution
		{31E63E2B-8EF2-47BF-AE89-4C1981EE1905}.Debug|Any CPU.ActiveCfg = Debug|Any CPU
		{31E63E2B-8EF2-47BF-AE89-4C1981EE1905}.Debug|Any CPU.Build.0 = Debug|Any CPU
		{31E63E2B-8EF2-47BF-AE89-4C1981EE1905}.Release|Any CPU.ActiveCfg = Release|Any CPU
		{31E63E2B-8EF2-47BF-AE89-4C1981EE1905}.Release|Any CPU.Build.0 = Release|Any CPU
		{6A5E6E55-FEC9-450B-A8B4-6E2089D4158D}.Debug|Any CPU.ActiveCfg = Debug|Any CPU
		{6A5E6E55-FEC9-450B-A8B4-6E2089D4158D}.Debug|Any CPU.Build.0 = Debug|Any CPU
		{6A5E6E55-FEC9-450B-A8B4-6E2089D4158D}.Release|Any CPU.ActiveCfg = Release|Any CPU
		{6A5E6E55-FEC9-450B-A8B4-6E2089D4158D}.Release|Any CPU.Build.0 = Release|Any CPU
		{EE074DF2-58B1-4F21-95D7-708FAF0C0407}.Debug|Any CPU.ActiveCfg = Debug|Any CPU
		{EE074DF2-58B1-4F21-95D7-708FAF0C0407}.Debug|Any CPU.Build.0 = Debug|Any CPU
		{EE074DF2-58B1-4F21-95D7-708FAF0C0407}.Release|Any CPU.ActiveCfg = Release|Any CPU
		{EE074DF2-58B1-4F21-95D7-708FAF0C0407}.Release|Any CPU.Build.0 = Release|Any CPU
		{80DE3911-DBB1-47CA-909A-77B51EEBDE12}.Debug|Any CPU.ActiveCfg = Debug|Any CPU
		{80DE3911-DBB1-47CA-909A-77B51EEBDE12}.Debug|Any CPU.Build.0 = Debug|Any CPU
		{80DE3911-DBB1-47CA-909A-77B51EEBDE12}.Release|Any CPU.ActiveCfg = Release|Any CPU
		{80DE3911-DBB1-47CA-909A-77B51EEBDE12}.Release|Any CPU.Build.0 = Release|Any CPU
	EndGlobalSection
	GlobalSection(SolutionProperties) = preSolution
		HideSolutionNode = FALSE
	EndGlobalSection
	GlobalSection(ExtensibilityGlobals) = postSolution
		SolutionGuid = {9CC6B2CA-A06D-4CFB-A811-A7E290822FF0}
	EndGlobalSection
EndGlobal
